
Microsoft Visual Studio Solution File, Format Version 12.00
# Visual Studio 15
VisualStudioVersion = 15.0.27703.2000
MinimumVisualStudioVersion = 10.0.40219.1
Project("{FAE04EC0-301F-11D3-BF4B-00C04F79EFBC}") = "Practic4", "Practic4\Practic4.csproj", "{871A247A-9CF0-4D73-9B22-2B1354B4F1D9}"
EndProject
Global
	GlobalSection(SolutionConfigurationPlatforms) = preSolution
		Debug|Any CPU = Debug|Any CPU
		Release|Any CPU = Release|Any CPU
	EndGlobalSection
	GlobalSection(ProjectConfigurationPlatforms) = postSolution
		{871A247A-9CF0-4D73-9B22-2B1354B4F1D9}.Debug|Any CPU.ActiveCfg = Debug|Any CPU
		{871A247A-9CF0-4D73-9B22-2B1354B4F1D9}.Debug|Any CPU.Build.0 = Debug|Any CPU
		{871A247A-9CF0-4D73-9B22-2B1354B4F1D9}.Release|Any CPU.ActiveCfg = Release|Any CPU
		{871A247A-9CF0-4D73-9B22-2B1354B4F1D9}.Release|Any CPU.Build.0 = Release|Any CPU
	EndGlobalSection
	GlobalSection(SolutionProperties) = preSolution
		HideSolutionNode = FALSE
	EndGlobalSection
	GlobalSection(ExtensibilityGlobals) = postSolution
		SolutionGuid = {ADD157EB-515C-4775-837E-37A97637F7CB}
	EndGlobalSection
EndGlobal
